
Microsoft Visual Studio Solution File, Format Version 12.00
# Visual Studio Version 17
VisualStudioVersion = 17.7.34221.43
MinimumVisualStudioVersion = 10.0.40219.1
Project("{8BC9CEB8-8B4A-11D0-8D11-00A0C91BC942}") = "CPP_Lessons", "CPP_Lessons.vcxproj", "{DE0E7A20-8D47-40C1-BC78-2AA7544DA5A1}"
EndProject
Global
	GlobalSection(SolutionConfigurationPlatforms) = preSolution
		Debug|x64 = Debug|x64
		Debug|x86 = Debug|x86
		Release|x64 = Release|x64
		Release|x86 = Release|x86
	EndGlobalSection
	GlobalSection(ProjectConfigurationPlatforms) = postSolution
		{DE0E7A20-8D47-40C1-BC78-2AA7544DA5A1}.Debug|x64.ActiveCfg = Debug|x64
		{DE0E7A20-8D47-40C1-BC78-2AA7544DA5A1}.Debug|x64.Build.0 = Debug|x64
		{DE0E7A20-8D47-40C1-BC78-2AA7544DA5A1}.Debug|x86.ActiveCfg = Debug|Win32
		{DE0E7A20-8D47-40C1-BC78-2AA7544DA5A1}.Debug|x86.Build.0 = Debug|Win32
		{DE0E7A20-8D47-40C1-BC78-2AA7544DA5A1}.Release|x64.ActiveCfg = Release|x64
		{DE0E7A20-8D47-40C1-BC78-2AA7544DA5A1}.Release|x64.Build.0 = Release|x64
		{DE0E7A20-8D47-40C1-BC78-2AA7544DA5A1}.Release|x86.ActiveCfg = Release|Win32
		{DE0E7A20-8D47-40C1-BC78-2AA7544DA5A1}.Release|x86.Build.0 = Release|Win32
	EndGlobalSection
	GlobalSection(SolutionProperties) = preSolution
		HideSolutionNode = FALSE
	EndGlobalSection
	GlobalSection(ExtensibilityGlobals) = postSolution
		SolutionGuid = {DF15B3C1-A618-4DCC-A498-A81BEDB306C7}
	EndGlobalSection
EndGlobal
